
Microsoft Visual Studio Solution File, Format Version 12.00
# Visual Studio Version 16
VisualStudioVersion = 16.0.29215.179
MinimumVisualStudioVersion = 10.0.40219.1
Project("{FAE04EC0-301F-11D3-BF4B-00C04F79EFBC}") = "SWAPI", "SWAPI\SWAPI.csproj", "{840B11B0-C861-4F24-9115-244A23668330}"
EndProject
Global
	GlobalSection(SolutionConfigurationPlatforms) = preSolution
		Debug|Any CPU = Debug|Any CPU
		Release|Any CPU = Release|Any CPU
	EndGlobalSection
	GlobalSection(ProjectConfigurationPlatforms) = postSolution
		{840B11B0-C861-4F24-9115-244A23668330}.Debug|Any CPU.ActiveCfg = Debug|Any CPU
		{840B11B0-C861-4F24-9115-244A23668330}.Debug|Any CPU.Build.0 = Debug|Any CPU
		{840B11B0-C861-4F24-9115-244A23668330}.Release|Any CPU.ActiveCfg = Release|Any CPU
		{840B11B0-C861-4F24-9115-244A23668330}.Release|Any CPU.Build.0 = Release|Any CPU
	EndGlobalSection
	GlobalSection(SolutionProperties) = preSolution
		HideSolutionNode = FALSE
	EndGlobalSection
	GlobalSection(ExtensibilityGlobals) = postSolution
		SolutionGuid = {6920674B-014E-47E4-A290-54B3A82B53EA}
	EndGlobalSection
EndGlobal
